
Microsoft Visual Studio Solution File, Format Version 12.00
# Visual Studio Version 16
VisualStudioVersion = 16.0.31911.196
MinimumVisualStudioVersion = 10.0.40219.1
Project("{FAE04EC0-301F-11D3-BF4B-00C04F79EFBC}") = "ApplicationBackuper", "ApplicationBackuper\ApplicationBackuper.csproj", "{8D13133D-CF8A-49BB-919E-246C76967399}"
EndProject
Project("{2150E333-8FDC-42A3-9474-1A3956D46DE8}") = "Solution Items", "Solution Items", "{38AAF4D4-93F3-42F1-9AD3-360A8F953438}"
	ProjectSection(SolutionItems) = preProject
		..\requirements.txt = ..\requirements.txt
	EndProjectSection
EndProject
Global
	GlobalSection(SolutionConfigurationPlatforms) = preSolution
		Debug|Any CPU = Debug|Any CPU
		Release|Any CPU = Release|Any CPU
	EndGlobalSection
	GlobalSection(ProjectConfigurationPlatforms) = postSolution
		{8D13133D-CF8A-49BB-919E-246C76967399}.Debug|Any CPU.ActiveCfg = Debug|Any CPU
		{8D13133D-CF8A-49BB-919E-246C76967399}.Debug|Any CPU.Build.0 = Debug|Any CPU
		{8D13133D-CF8A-49BB-919E-246C76967399}.Release|Any CPU.ActiveCfg = Release|Any CPU
		{8D13133D-CF8A-49BB-919E-246C76967399}.Release|Any CPU.Build.0 = Release|Any CPU
	EndGlobalSection
	GlobalSection(SolutionProperties) = preSolution
		HideSolutionNode = FALSE
	EndGlobalSection
	GlobalSection(ExtensibilityGlobals) = postSolution
		SolutionGuid = {B68CD171-6252-4D6D-9885-175271E878DB}
	EndGlobalSection
EndGlobal
